
Microsoft Visual Studio Solution File, Format Version 12.00
# Visual Studio Version 16
VisualStudioVersion = 16.0.29613.14
MinimumVisualStudioVersion = 10.0.40219.1
Project("{FAE04EC0-301F-11D3-BF4B-00C04F79EFBC}") = "CleanCoding", "CleanCoding\CleanCoding.csproj", "{6A6D2E32-A394-48C2-8673-7B85E05656EA}"
EndProject
Global
	GlobalSection(SolutionConfigurationPlatforms) = preSolution
		Debug|Any CPU = Debug|Any CPU
		Release|Any CPU = Release|Any CPU
	EndGlobalSection
	GlobalSection(ProjectConfigurationPlatforms) = postSolution
		{6A6D2E32-A394-48C2-8673-7B85E05656EA}.Debug|Any CPU.ActiveCfg = Debug|Any CPU
		{6A6D2E32-A394-48C2-8673-7B85E05656EA}.Debug|Any CPU.Build.0 = Debug|Any CPU
		{6A6D2E32-A394-48C2-8673-7B85E05656EA}.Release|Any CPU.ActiveCfg = Release|Any CPU
		{6A6D2E32-A394-48C2-8673-7B85E05656EA}.Release|Any CPU.Build.0 = Release|Any CPU
	EndGlobalSection
	GlobalSection(SolutionProperties) = preSolution
		HideSolutionNode = FALSE
	EndGlobalSection
	GlobalSection(ExtensibilityGlobals) = postSolution
		SolutionGuid = {7B0C2A08-1305-4511-8B6D-5EB608B32D13}
	EndGlobalSection
EndGlobal
